
Microsoft Visual Studio Solution File, Format Version 12.00
# Visual Studio Version 17
VisualStudioVersion = 17.14.36414.22 d17.14
MinimumVisualStudioVersion = 10.0.40219.1
Project("{FAE04EC0-301F-11D3-BF4B-00C04F79EFBC}") = "MidiTcpServer", "MidiTcpServer.csproj", "{C14B8656-E8D4-4E87-92F6-85BFA1178E27}"
EndProject
Global
	GlobalSection(SolutionConfigurationPlatforms) = preSolution
		Debug|Any CPU = Debug|Any CPU
		Release|Any CPU = Release|Any CPU
	EndGlobalSection
	GlobalSection(ProjectConfigurationPlatforms) = postSolution
		{C14B8656-E8D4-4E87-92F6-85BFA1178E27}.Debug|Any CPU.ActiveCfg = Debug|Any CPU
		{C14B8656-E8D4-4E87-92F6-85BFA1178E27}.Debug|Any CPU.Build.0 = Debug|Any CPU
		{C14B8656-E8D4-4E87-92F6-85BFA1178E27}.Release|Any CPU.ActiveCfg = Release|Any CPU
		{C14B8656-E8D4-4E87-92F6-85BFA1178E27}.Release|Any CPU.Build.0 = Release|Any CPU
	EndGlobalSection
	GlobalSection(SolutionProperties) = preSolution
		HideSolutionNode = FALSE
	EndGlobalSection
	GlobalSection(ExtensibilityGlobals) = postSolution
		SolutionGuid = {AE890C7A-175F-464A-A386-4A082DF8B206}
	EndGlobalSection
EndGlobal
